{
  "name": "neo-companion",
  "version": "1.0.0",
  "lockfileVersion": 1,
  "requires": true,
  "dependencies": {
    "crx-hotreload": {
      "version": "1.0.4",
      "resolved": "https://registry.npmjs.org/crx-hotreload/-/crx-hotreload-1.0.4.tgz",
      "integrity": "sha512-3mJMMbjoLhHmhNubyIPKmgLvr9V6UZ/yKaZW1WKb2n7yHs1R10VVCAUgQ00amR6fTmM/aiEvZHx+jzhSSf0CGA=="
    }
  }
}
